// !$*UTF8*$!
{
	archiveVersion = 1;
	classes = {
	};
	objectVersion = 46;
	objects = {

/* Begin PBXBuildFile section */
		594F82211A95F8EE00380D73 /* libsqlite3.dylib in Frameworks */ = {isa = PBXBuildFile; fileRef = FBBEA1D91A7F95F3009A9E37 /* libsqlite3.dylib */; };
		594F82231A960CFE00380D73 /* definitiva.sqlite in Resources */ = {isa = PBXBuildFile; fileRef = 594F82221A960CFE00380D73 /* definitiva.sqlite */; };
		59DFABB71A927B4E009759C2 /* votar.png in Resources */ = {isa = PBXBuildFile; fileRef = 59DFABB51A927B4E009759C2 /* votar.png */; };
		59DFABB81A927B4E009759C2 /* quitarVoto.png in Resources */ = {isa = PBXBuildFile; fileRef = 59DFABB61A927B4E009759C2 /* quitarVoto.png */; };
		FB0FC0B51A77A27100770279 /* ReproduciendoViewController.m in Sources */ = {isa = PBXBuildFile; fileRef = FB0FC0B41A77A27100770279 /* ReproduciendoViewController.m */; };
		FB29CD461A88B99C004CCF14 /* 2.jpg in Resources */ = {isa = PBXBuildFile; fileRef = FB29CD451A88B99C004CCF14 /* 2.jpg */; };
		FB29CD481A88B9C0004CCF14 /* 1.jpg in Resources */ = {isa = PBXBuildFile; fileRef = FB29CD471A88B9C0004CCF14 /* 1.jpg */; };
		FB29CD4B1A88C93D004CCF14 /* 3.jpg in Resources */ = {isa = PBXBuildFile; fileRef = FB29CD4A1A88C93D004CCF14 /* 3.jpg */; };
		FB4D21B11A82118E00B3125F /* CoreText.framework in Frameworks */ = {isa = PBXBuildFile; fileRef = FB4D21B01A82118E00B3125F /* CoreText.framework */; };
		FB4D21B31A8211A100B3125F /* QuartzCore.framework in Frameworks */ = {isa = PBXBuildFile; fileRef = FB4D21B21A8211A100B3125F /* QuartzCore.framework */; };
		FB4D21B51A8211AA00B3125F /* UIKit.framework in Frameworks */ = {isa = PBXBuildFile; fileRef = FB4D21B41A8211AA00B3125F /* UIKit.framework */; };
		FB4D21B71A8211EF00B3125F /* Foundation.framework in Frameworks */ = {isa = PBXBuildFile; fileRef = FB4D21B61A8211EF00B3125F /* Foundation.framework */; };
		FB4D21B91A82120500B3125F /* CoreGraphics.framework in Frameworks */ = {isa = PBXBuildFile; fileRef = FB4D21B81A82120500B3125F /* CoreGraphics.framework */; };
		FB4D21BC1A8214E600B3125F /* MarqueeLabel.m in Sources */ = {isa = PBXBuildFile; fileRef = FB4D21BB1A8214E600B3125F /* MarqueeLabel.m */; };
		FB6298381A6D1DC800582767 /* leonardoDantes.jpg in Resources */ = {isa = PBXBuildFile; fileRef = FB6298371A6D1DC800582767 /* leonardoDantes.jpg */; };
		FB7EB73C1A6664C6002E699D /* main.m in Sources */ = {isa = PBXBuildFile; fileRef = FB7EB73B1A6664C6002E699D /* main.m */; };
		FB7EB73F1A6664C6002E699D /* AppDelegate.m in Sources */ = {isa = PBXBuildFile; fileRef = FB7EB73E1A6664C6002E699D /* AppDelegate.m */; };
		FB7EB7421A6664C6002E699D /* ViewController.m in Sources */ = {isa = PBXBuildFile; fileRef = FB7EB7411A6664C6002E699D /* ViewController.m */; };
		FB7EB7451A6664C6002E699D /* Main.storyboard in Resources */ = {isa = PBXBuildFile; fileRef = FB7EB7431A6664C6002E699D /* Main.storyboard */; };
		FB7EB7471A6664C6002E699D /* Images.xcassets in Resources */ = {isa = PBXBuildFile; fileRef = FB7EB7461A6664C6002E699D /* Images.xcassets */; };
		FB7EB74A1A6664C6002E699D /* LaunchScreen.xib in Resources */ = {isa = PBXBuildFile; fileRef = FB7EB7481A6664C6002E699D /* LaunchScreen.xib */; };
		FB7EB7561A6664C6002E699D /* tovotauTests.m in Sources */ = {isa = PBXBuildFile; fileRef = FB7EB7551A6664C6002E699D /* tovotauTests.m */; };
		FBB2A7141A947A3D00AB6CD6 /* TabBarController.m in Sources */ = {isa = PBXBuildFile; fileRef = FBB2A7131A947A3D00AB6CD6 /* TabBarController.m */; };
		FBB2A71B1A947C2700AB6CD6 /* icono.png in Resources */ = {isa = PBXBuildFile; fileRef = FBB2A7171A947C2700AB6CD6 /* icono.png */; };
		FBB2A71C1A947C2700AB6CD6 /* list.png in Resources */ = {isa = PBXBuildFile; fileRef = FBB2A7181A947C2700AB6CD6 /* list.png */; };
		FBB2A71D1A947C2700AB6CD6 /* perfil.png in Resources */ = {isa = PBXBuildFile; fileRef = FBB2A7191A947C2700AB6CD6 /* perfil.png */; };
		FBB2A71E1A947C2700AB6CD6 /* qr.png in Resources */ = {isa = PBXBuildFile; fileRef = FBB2A71A1A947C2700AB6CD6 /* qr.png */; };
		FBBEA1D51A7F945C009A9E37 /* CancionesDAO.m in Sources */ = {isa = PBXBuildFile; fileRef = FBBEA1CD1A7F945C009A9E37 /* CancionesDAO.m */; };
		FBBEA1D61A7F945C009A9E37 /* ModCancionViewController.m in Sources */ = {isa = PBXBuildFile; fileRef = FBBEA1D01A7F945C009A9E37 /* ModCancionViewController.m */; };
		FBBEA1D71A7F945C009A9E37 /* ListaCancionesTableViewController.m in Sources */ = {isa = PBXBuildFile; fileRef = FBBEA1D11A7F945C009A9E37 /* ListaCancionesTableViewController.m */; };
		FBBEA1D81A7F945C009A9E37 /* Cancion.m in Sources */ = {isa = PBXBuildFile; fileRef = FBBEA1D21A7F945C009A9E37 /* Cancion.m */; };
		FBDDBCF61A88BBFA00513252 /* AVFoundation.framework in Frameworks */ = {isa = PBXBuildFile; fileRef = FBDDBCF51A88BBFA00513252 /* AVFoundation.framework */; };
		FBDDBCFE1A88BC4B00513252 /* libiconv.dylib in Frameworks */ = {isa = PBXBuildFile; fileRef = FBDDBCFD1A88BC4B00513252 /* libiconv.dylib */; };
		FBDDBD011A88BD7600513252 /* EscanerQRViewController.m in Sources */ = {isa = PBXBuildFile; fileRef = FBDDBD001A88BD7600513252 /* EscanerQRViewController.m */; };
/* End PBXBuildFile section */

/* Begin PBXContainerItemProxy section */
		FB7EB7501A6664C6002E699D /* PBXContainerItemProxy */ = {
			isa = PBXContainerItemProxy;
			containerPortal = FB7EB72E1A6664C6002E699D /* Project object */;
			proxyType = 1;
			remoteGlobalIDString = FB7EB7351A6664C6002E699D;
			remoteInfo = tovotau;
		};
/* End PBXContainerItemProxy section */

/* Begin PBXFileReference section */
		594F82221A960CFE00380D73 /* definitiva.sqlite */ = {isa = PBXFileReference; lastKnownFileType = file; path = definitiva.sqlite; sourceTree = "<group>"; };
		59DFABB51A927B4E009759C2 /* votar.png */ = {isa = PBXFileReference; lastKnownFileType = image.png; path = votar.png; sourceTree = "<group>"; };
		59DFABB61A927B4E009759C2 /* quitarVoto.png */ = {isa = PBXFileReference; lastKnownFileType = image.png; path = quitarVoto.png; sourceTree = "<group>"; };
		FB0FC0B31A77A27100770279 /* ReproduciendoViewController.h */ = {isa = PBXFileReference; fileEncoding = 4; lastKnownFileType = sourcecode.c.h; path = ReproduciendoViewController.h; sourceTree = "<group>"; };
		FB0FC0B41A77A27100770279 /* ReproduciendoViewController.m */ = {isa = PBXFileReference; fileEncoding = 4; lastKnownFileType = sourcecode.c.objc; path = ReproduciendoViewController.m; sourceTree = "<group>"; };
		FB29CD451A88B99C004CCF14 /* 2.jpg */ = {isa = PBXFileReference; lastKnownFileType = image.jpeg; path = 2.jpg; sourceTree = "<group>"; };
		FB29CD471A88B9C0004CCF14 /* 1.jpg */ = {isa = PBXFileReference; lastKnownFileType = image.jpeg; path = 1.jpg; sourceTree = "<group>"; };
		FB29CD4A1A88C93D004CCF14 /* 3.jpg */ = {isa = PBXFileReference; lastKnownFileType = image.jpeg; path = 3.jpg; sourceTree = "<group>"; };
		FB4D21B01A82118E00B3125F /* CoreText.framework */ = {isa = PBXFileReference; lastKnownFileType = wrapper.framework; name = CoreText.framework; path = System/Library/Frameworks/CoreText.framework; sourceTree = SDKROOT; };
		FB4D21B21A8211A100B3125F /* QuartzCore.framework */ = {isa = PBXFileReference; lastKnownFileType = wrapper.framework; name = QuartzCore.framework; path = System/Library/Frameworks/QuartzCore.framework; sourceTree = SDKROOT; };
		FB4D21B41A8211AA00B3125F /* UIKit.framework */ = {isa = PBXFileReference; lastKnownFileType = wrapper.framework; name = UIKit.framework; path = System/Library/Frameworks/UIKit.framework; sourceTree = SDKROOT; };
		FB4D21B61A8211EF00B3125F /* Foundation.framework */ = {isa = PBXFileReference; lastKnownFileType = wrapper.framework; name = Foundation.framework; path = System/Library/Frameworks/Foundation.framework; sourceTree = SDKROOT; };
		FB4D21B81A82120500B3125F /* CoreGraphics.framework */ = {isa = PBXFileReference; lastKnownFileType = wrapper.framework; name = CoreGraphics.framework; path = System/Library/Frameworks/CoreGraphics.framework; sourceTree = SDKROOT; };
		FB4D21BA1A8214E600B3125F /* MarqueeLabel.h */ = {isa = PBXFileReference; fileEncoding = 4; lastKnownFileType = sourcecode.c.h; path = MarqueeLabel.h; sourceTree = "<group>"; };
		FB4D21BB1A8214E600B3125F /* MarqueeLabel.m */ = {isa = PBXFileReference; fileEncoding = 4; lastKnownFileType = sourcecode.c.objc; path = MarqueeLabel.m; sourceTree = "<group>"; };
		FB6298371A6D1DC800582767 /* leonardoDantes.jpg */ = {isa = PBXFileReference; lastKnownFileType = image.jpeg; path = leonardoDantes.jpg; sourceTree = "<group>"; };
		FB7EB7361A6664C6002E699D /* tovotau.app */ = {isa = PBXFileReference; explicitFileType = wrapper.application; includeInIndex = 0; path = tovotau.app; sourceTree = BUILT_PRODUCTS_DIR; };
		FB7EB73A1A6664C6002E699D /* Info.plist */ = {isa = PBXFileReference; lastKnownFileType = text.plist.xml; path = Info.plist; sourceTree = "<group>"; };
		FB7EB73B1A6664C6002E699D /* main.m */ = {isa = PBXFileReference; lastKnownFileType = sourcecode.c.objc; path = main.m; sourceTree = "<group>"; };
		FB7EB73D1A6664C6002E699D /* AppDelegate.h */ = {isa = PBXFileReference; lastKnownFileType = sourcecode.c.h; path = AppDelegate.h; sourceTree = "<group>"; };
		FB7EB73E1A6664C6002E699D /* AppDelegate.m */ = {isa = PBXFileReference; lastKnownFileType = sourcecode.c.objc; path = AppDelegate.m; sourceTree = "<group>"; };
		FB7EB7401A6664C6002E699D /* ViewController.h */ = {isa = PBXFileReference; lastKnownFileType = sourcecode.c.h; path = ViewController.h; sourceTree = "<group>"; };
		FB7EB7411A6664C6002E699D /* ViewController.m */ = {isa = PBXFileReference; lastKnownFileType = sourcecode.c.objc; path = ViewController.m; sourceTree = "<group>"; };
		FB7EB7441A6664C6002E699D /* Base */ = {isa = PBXFileReference; lastKnownFileType = file.storyboard; name = Base; path = Base.lproj/Main.storyboard; sourceTree = "<group>"; };
		FB7EB7461A6664C6002E699D /* Images.xcassets */ = {isa = PBXFileReference; lastKnownFileType = folder.assetcatalog; path = Images.xcassets; sourceTree = "<group>"; };
		FB7EB7491A6664C6002E699D /* Base */ = {isa = PBXFileReference; lastKnownFileType = file.xib; name = Base; path = Base.lproj/LaunchScreen.xib; sourceTree = "<group>"; };
		FB7EB74F1A6664C6002E699D /* tovotauTests.xctest */ = {isa = PBXFileReference; explicitFileType = wrapper.cfbundle; includeInIndex = 0; path = tovotauTests.xctest; sourceTree = BUILT_PRODUCTS_DIR; };
		FB7EB7541A6664C6002E699D /* Info.plist */ = {isa = PBXFileReference; lastKnownFileType = text.plist.xml; path = Info.plist; sourceTree = "<group>"; };
		FB7EB7551A6664C6002E699D /* tovotauTests.m */ = {isa = PBXFileReference; lastKnownFileType = sourcecode.c.objc; path = tovotauTests.m; sourceTree = "<group>"; };
		FBB2A7121A947A3D00AB6CD6 /* TabBarController.h */ = {isa = PBXFileReference; fileEncoding = 4; lastKnownFileType = sourcecode.c.h; path = TabBarController.h; sourceTree = "<group>"; };
		FBB2A7131A947A3D00AB6CD6 /* TabBarController.m */ = {isa = PBXFileReference; fileEncoding = 4; lastKnownFileType = sourcecode.c.objc; path = TabBarController.m; sourceTree = "<group>"; };
		FBB2A7171A947C2700AB6CD6 /* icono.png */ = {isa = PBXFileReference; lastKnownFileType = image.png; path = icono.png; sourceTree = "<group>"; };
		FBB2A7181A947C2700AB6CD6 /* list.png */ = {isa = PBXFileReference; lastKnownFileType = image.png; path = list.png; sourceTree = "<group>"; };
		FBB2A7191A947C2700AB6CD6 /* perfil.png */ = {isa = PBXFileReference; lastKnownFileType = image.png; path = perfil.png; sourceTree = "<group>"; };
		FBB2A71A1A947C2700AB6CD6 /* qr.png */ = {isa = PBXFileReference; lastKnownFileType = image.png; path = qr.png; sourceTree = "<group>"; };
		FBBEA1CA1A7F945C009A9E37 /* Cancion.h */ = {isa = PBXFileReference; fileEncoding = 4; lastKnownFileType = sourcecode.c.h; path = Cancion.h; sourceTree = "<group>"; };
		FBBEA1CB1A7F945C009A9E37 /* CancionesDAO.h */ = {isa = PBXFileReference; fileEncoding = 4; lastKnownFileType = sourcecode.c.h; path = CancionesDAO.h; sourceTree = "<group>"; };
		FBBEA1CD1A7F945C009A9E37 /* CancionesDAO.m */ = {isa = PBXFileReference; fileEncoding = 4; lastKnownFileType = sourcecode.c.objc; path = CancionesDAO.m; sourceTree = "<group>"; };
		FBBEA1CE1A7F945C009A9E37 /* ListaCancionesTableViewController.h */ = {isa = PBXFileReference; fileEncoding = 4; lastKnownFileType = sourcecode.c.h; path = ListaCancionesTableViewController.h; sourceTree = "<group>"; };
		FBBEA1CF1A7F945C009A9E37 /* ModCancionViewController.h */ = {isa = PBXFileReference; fileEncoding = 4; lastKnownFileType = sourcecode.c.h; path = ModCancionViewController.h; sourceTree = "<group>"; };
		FBBEA1D01A7F945C009A9E37 /* ModCancionViewController.m */ = {isa = PBXFileReference; fileEncoding = 4; lastKnownFileType = sourcecode.c.objc; path = ModCancionViewController.m; sourceTree = "<group>"; };
		FBBEA1D11A7F945C009A9E37 /* ListaCancionesTableViewController.m */ = {isa = PBXFileReference; fileEncoding = 4; lastKnownFileType = sourcecode.c.objc; path = ListaCancionesTableViewController.m; sourceTree = "<group>"; };
		FBBEA1D21A7F945C009A9E37 /* Cancion.m */ = {isa = PBXFileReference; fileEncoding = 4; lastKnownFileType = sourcecode.c.objc; path = Cancion.m; sourceTree = "<group>"; };
		FBBEA1D91A7F95F3009A9E37 /* libsqlite3.dylib */ = {isa = PBXFileReference; lastKnownFileType = "compiled.mach-o.dylib"; name = libsqlite3.dylib; path = usr/lib/libsqlite3.dylib; sourceTree = SDKROOT; };
		FBDDBCF51A88BBFA00513252 /* AVFoundation.framework */ = {isa = PBXFileReference; lastKnownFileType = wrapper.framework; name = AVFoundation.framework; path = System/Library/Frameworks/AVFoundation.framework; sourceTree = SDKROOT; };
		FBDDBCFD1A88BC4B00513252 /* libiconv.dylib */ = {isa = PBXFileReference; lastKnownFileType = "compiled.mach-o.dylib"; name = libiconv.dylib; path = usr/lib/libiconv.dylib; sourceTree = SDKROOT; };
		FBDDBCFF1A88BD7600513252 /* EscanerQRViewController.h */ = {isa = PBXFileReference; fileEncoding = 4; lastKnownFileType = sourcecode.c.h; path = EscanerQRViewController.h; sourceTree = "<group>"; };
		FBDDBD001A88BD7600513252 /* EscanerQRViewController.m */ = {isa = PBXFileReference; fileEncoding = 4; lastKnownFileType = sourcecode.c.objc; path = EscanerQRViewController.m; sourceTree = "<group>"; };
/* End PBXFileReference section */

/* Begin PBXFrameworksBuildPhase section */
		FB7EB7331A6664C6002E699D /* Frameworks */ = {
			isa = PBXFrameworksBuildPhase;
			buildActionMask = 2147483647;
			files = (
				594F82211A95F8EE00380D73 /* libsqlite3.dylib in Frameworks */,
				FBDDBCFE1A88BC4B00513252 /* libiconv.dylib in Frameworks */,
				FBDDBCF61A88BBFA00513252 /* AVFoundation.framework in Frameworks */,
				FB4D21B91A82120500B3125F /* CoreGraphics.framework in Frameworks */,
				FB4D21B71A8211EF00B3125F /* Foundation.framework in Frameworks */,
				FB4D21B51A8211AA00B3125F /* UIKit.framework in Frameworks */,
				FB4D21B31A8211A100B3125F /* QuartzCore.framework in Frameworks */,
				FB4D21B11A82118E00B3125F /* CoreText.framework in Frameworks */,
			);
			runOnlyForDeploymentPostprocessing = 0;
		};
		FB7EB74C1A6664C6002E699D /* Frameworks */ = {
			isa = PBXFrameworksBuildPhase;
			buildActionMask = 2147483647;
			files = (
			);
			runOnlyForDeploymentPostprocessing = 0;
		};
/* End PBXFrameworksBuildPhase section */

/* Begin PBXGroup section */
		59DFABB41A927B32009759C2 /* botones */ = {
			isa = PBXGroup;
			children = (
				59DFABB51A927B4E009759C2 /* votar.png */,
				59DFABB61A927B4E009759C2 /* quitarVoto.png */,
			);
			name = botones;
			sourceTree = "<group>";
		};
		FB29CD491A88C894004CCF14 /* banners */ = {
			isa = PBXGroup;
			children = (
				FB29CD4A1A88C93D004CCF14 /* 3.jpg */,
				FB29CD451A88B99C004CCF14 /* 2.jpg */,
				FB29CD471A88B9C0004CCF14 /* 1.jpg */,
			);
			name = banners;
			sourceTree = "<group>";
		};
		FB4D21AC1A8210B500B3125F /* SQLite */ = {
			isa = PBXGroup;
			children = (
				594F82221A960CFE00380D73 /* definitiva.sqlite */,
			);
			name = SQLite;
			sourceTree = "<group>";
		};
		FB4D21AD1A8210FE00B3125F /* ViewControllers */ = {
			isa = PBXGroup;
			children = (
				FB7EB7401A6664C6002E699D /* ViewController.h */,
				FB7EB7411A6664C6002E699D /* ViewController.m */,
				FB0FC0B31A77A27100770279 /* ReproduciendoViewController.h */,
				FB0FC0B41A77A27100770279 /* ReproduciendoViewController.m */,
				FBBEA1CF1A7F945C009A9E37 /* ModCancionViewController.h */,
				FBBEA1D01A7F945C009A9E37 /* ModCancionViewController.m */,
				FBBEA1CE1A7F945C009A9E37 /* ListaCancionesTableViewController.h */,
				FBBEA1D11A7F945C009A9E37 /* ListaCancionesTableViewController.m */,
				FBDDBCFF1A88BD7600513252 /* EscanerQRViewController.h */,
				FBDDBD001A88BD7600513252 /* EscanerQRViewController.m */,
				FBB2A7121A947A3D00AB6CD6 /* TabBarController.h */,
				FBB2A7131A947A3D00AB6CD6 /* TabBarController.m */,
			);
			name = ViewControllers;
			sourceTree = "<group>";
		};
		FB4D21AE1A82112700B3125F /* Clases */ = {
			isa = PBXGroup;
			children = (
				FB4D21BA1A8214E600B3125F /* MarqueeLabel.h */,
				FB4D21BB1A8214E600B3125F /* MarqueeLabel.m */,
				FBBEA1CB1A7F945C009A9E37 /* CancionesDAO.h */,
				FBBEA1CD1A7F945C009A9E37 /* CancionesDAO.m */,
				FBBEA1CA1A7F945C009A9E37 /* Cancion.h */,
				FBBEA1D21A7F945C009A9E37 /* Cancion.m */,
			);
			name = Clases;
			sourceTree = "<group>";
		};
		FB4D21AF1A82115900B3125F /* Frameworks */ = {
			isa = PBXGroup;
			children = (
				FBBEA1D91A7F95F3009A9E37 /* libsqlite3.dylib */,
				FBDDBCFD1A88BC4B00513252 /* libiconv.dylib */,
				FBDDBCF51A88BBFA00513252 /* AVFoundation.framework */,
				FB4D21B81A82120500B3125F /* CoreGraphics.framework */,
				FB4D21B61A8211EF00B3125F /* Foundation.framework */,
				FB4D21B41A8211AA00B3125F /* UIKit.framework */,
				FB4D21B21A8211A100B3125F /* QuartzCore.framework */,
				FB4D21B01A82118E00B3125F /* CoreText.framework */,
			);
			name = Frameworks;
			path = tovotau;
			sourceTree = "<group>";
		};
		FB6298361A6D1DB100582767 /* Imagenes */ = {
			isa = PBXGroup;
			children = (
				FBB2A7171A947C2700AB6CD6 /* icono.png */,
				FBB2A7181A947C2700AB6CD6 /* list.png */,
				FBB2A7191A947C2700AB6CD6 /* perfil.png */,
				FBB2A71A1A947C2700AB6CD6 /* qr.png */,
				59DFABB41A927B32009759C2 /* botones */,
				FB29CD491A88C894004CCF14 /* banners */,
				FB6298371A6D1DC800582767 /* leonardoDantes.jpg */,
			);
			name = Imagenes;
			sourceTree = "<group>";
		};
		FB7EB72D1A6664C6002E699D = {
			isa = PBXGroup;
			children = (
				FB7EB7381A6664C6002E699D /* tovotau */,
				FB4D21AF1A82115900B3125F /* Frameworks */,
				FB7EB7521A6664C6002E699D /* tovotauTests */,
				FB7EB7371A6664C6002E699D /* Products */,
			);
			sourceTree = "<group>";
		};
		FB7EB7371A6664C6002E699D /* Products */ = {
			isa = PBXGroup;
			children = (
				FB7EB7361A6664C6002E699D /* tovotau.app */,
				FB7EB74F1A6664C6002E699D /* tovotauTests.xctest */,
			);
			name = Products;
			sourceTree = "<group>";
		};
		FB7EB7381A6664C6002E699D /* tovotau */ = {
			isa = PBXGroup;
			children = (
				FB7EB7431A6664C6002E699D /* Main.storyboard */,
				FB7EB73D1A6664C6002E699D /* AppDelegate.h */,
				FB7EB73E1A6664C6002E699D /* AppDelegate.m */,
				FB4D21AE1A82112700B3125F /* Clases */,
				FB6298361A6D1DB100582767 /* Imagenes */,
				FB4D21AC1A8210B500B3125F /* SQLite */,
				FB4D21AD1A8210FE00B3125F /* ViewControllers */,
				FB7EB7461A6664C6002E699D /* Images.xcassets */,
				FB7EB7481A6664C6002E699D /* LaunchScreen.xib */,
				FB7EB7391A6664C6002E699D /* Supporting Files */,
			);
			path = tovotau;
			sourceTree = "<group>";
		};
		FB7EB7391A6664C6002E699D /* Supporting Files */ = {
			isa = PBXGroup;
			children = (
				FB7EB73A1A6664C6002E699D /* Info.plist */,
				FB7EB73B1A6664C6002E699D /* main.m */,
			);
			name = "Supporting Files";
			sourceTree = "<group>";
		};
		FB7EB7521A6664C6002E699D /* tovotauTests */ = {
			isa = PBXGroup;
			children = (
				FB7EB7551A6664C6002E699D /* tovotauTests.m */,
				FB7EB7531A6664C6002E699D /* Supporting Files */,
			);
			path = tovotauTests;
			sourceTree = "<group>";
		};
		FB7EB7531A6664C6002E699D /* Supporting Files */ = {
			isa = PBXGroup;
			children = (
				FB7EB7541A6664C6002E699D /* Info.plist */,
			);
			name = "Supporting Files";
			sourceTree = "<group>";
		};
/* End PBXGroup section */

/* Begin PBXNativeTarget section */
		FB7EB7351A6664C6002E699D /* tovotau */ = {
			isa = PBXNativeTarget;
			buildConfigurationList = FB7EB7591A6664C6002E699D /* Build configuration list for PBXNativeTarget "tovotau" */;
			buildPhases = (
				FB7EB7321A6664C6002E699D /* Sources */,
				FB7EB7331A6664C6002E699D /* Frameworks */,
				FB7EB7341A6664C6002E699D /* Resources */,
			);
			buildRules = (
			);
			dependencies = (
			);
			name = tovotau;
			productName = tovotau;
			productReference = FB7EB7361A6664C6002E699D /* tovotau.app */;
			productType = "com.apple.product-type.application";
		};
		FB7EB74E1A6664C6002E699D /* tovotauTests */ = {
			isa = PBXNativeTarget;
			buildConfigurationList = FB7EB75C1A6664C6002E699D /* Build configuration list for PBXNativeTarget "tovotauTests" */;
			buildPhases = (
				FB7EB74B1A6664C6002E699D /* Sources */,
				FB7EB74C1A6664C6002E699D /* Frameworks */,
				FB7EB74D1A6664C6002E699D /* Resources */,
			);
			buildRules = (
			);
			dependencies = (
				FB7EB7511A6664C6002E699D /* PBXTargetDependency */,
			);
			name = tovotauTests;
			productName = tovotauTests;
			productReference = FB7EB74F1A6664C6002E699D /* tovotauTests.xctest */;
			productType = "com.apple.product-type.bundle.unit-test";
		};
/* End PBXNativeTarget section */

/* Begin PBXProject section */
		FB7EB72E1A6664C6002E699D /* Project object */ = {
			isa = PBXProject;
			attributes = {
				LastUpgradeCheck = 0610;
				ORGANIZATIONNAME = alumno;
				TargetAttributes = {
					FB7EB7351A6664C6002E699D = {
						CreatedOnToolsVersion = 6.1;
					};
					FB7EB74E1A6664C6002E699D = {
						CreatedOnToolsVersion = 6.1;
						TestTargetID = FB7EB7351A6664C6002E699D;
					};
				};
			};
			buildConfigurationList = FB7EB7311A6664C6002E699D /* Build configuration list for PBXProject "tovotau" */;
			compatibilityVersion = "Xcode 3.2";
			developmentRegion = English;
			hasScannedForEncodings = 0;
			knownRegions = (
				en,
				Base,
			);
			mainGroup = FB7EB72D1A6664C6002E699D;
			productRefGroup = FB7EB7371A6664C6002E699D /* Products */;
			projectDirPath = "";
			projectRoot = "";
			targets = (
				FB7EB7351A6664C6002E699D /* tovotau */,
				FB7EB74E1A6664C6002E699D /* tovotauTests */,
			);
		};
/* End PBXProject section */

/* Begin PBXResourcesBuildPhase section */
		FB7EB7341A6664C6002E699D /* Resources */ = {
			isa = PBXResourcesBuildPhase;
			buildActionMask = 2147483647;
			files = (
				FB6298381A6D1DC800582767 /* leonardoDantes.jpg in Resources */,
				FBB2A71B1A947C2700AB6CD6 /* icono.png in Resources */,
				FB29CD461A88B99C004CCF14 /* 2.jpg in Resources */,
				59DFABB81A927B4E009759C2 /* quitarVoto.png in Resources */,
				FB7EB7451A6664C6002E699D /* Main.storyboard in Resources */,
				FB29CD481A88B9C0004CCF14 /* 1.jpg in Resources */,
				FB7EB74A1A6664C6002E699D /* LaunchScreen.xib in Resources */,
				FBB2A71D1A947C2700AB6CD6 /* perfil.png in Resources */,
				59DFABB71A927B4E009759C2 /* votar.png in Resources */,
				FB7EB7471A6664C6002E699D /* Images.xcassets in Resources */,
				594F82231A960CFE00380D73 /* definitiva.sqlite in Resources */,
				FB29CD4B1A88C93D004CCF14 /* 3.jpg in Resources */,
				FBB2A71E1A947C2700AB6CD6 /* qr.png in Resources */,
				FBB2A71C1A947C2700AB6CD6 /* list.png in Resources */,
			);
			runOnlyForDeploymentPostprocessing = 0;
		};
		FB7EB74D1A6664C6002E699D /* Resources */ = {
			isa = PBXResourcesBuildPhase;
			buildActionMask = 2147483647;
			files = (
			);
			runOnlyForDeploymentPostprocessing = 0;
		};
/* End PBXResourcesBuildPhase section */

/* Begin PBXSourcesBuildPhase section */
		FB7EB7321A6664C6002E699D /* Sources */ = {
			isa = PBXSourcesBuildPhase;
			buildActionMask = 2147483647;
			files = (
				FBBEA1D71A7F945C009A9E37 /* ListaCancionesTableViewController.m in Sources */,
				FBBEA1D81A7F945C009A9E37 /* Cancion.m in Sources */,
				FBBEA1D51A7F945C009A9E37 /* CancionesDAO.m in Sources */,
				FB7EB7421A6664C6002E699D /* ViewController.m in Sources */,
				FB7EB73F1A6664C6002E699D /* AppDelegate.m in Sources */,
				FBB2A7141A947A3D00AB6CD6 /* TabBarController.m in Sources */,
				FB4D21BC1A8214E600B3125F /* MarqueeLabel.m in Sources */,
				FB0FC0B51A77A27100770279 /* ReproduciendoViewController.m in Sources */,
				FBDDBD011A88BD7600513252 /* EscanerQRViewController.m in Sources */,
				FB7EB73C1A6664C6002E699D /* main.m in Sources */,
				FBBEA1D61A7F945C009A9E37 /* ModCancionViewController.m in Sources */,
			);
			runOnlyForDeploymentPostprocessing = 0;
		};
		FB7EB74B1A6664C6002E699D /* Sources */ = {
			isa = PBXSourcesBuildPhase;
			buildActionMask = 2147483647;
			files = (
				FB7EB7561A6664C6002E699D /* tovotauTests.m in Sources */,
			);
			runOnlyForDeploymentPostprocessing = 0;
		};
/* End PBXSourcesBuildPhase section */

/* Begin PBXTargetDependency section */
		FB7EB7511A6664C6002E699D /* PBXTargetDependency */ = {
			isa = PBXTargetDependency;
			target = FB7EB7351A6664C6002E699D /* tovotau */;
			targetProxy = FB7EB7501A6664C6002E699D /* PBXContainerItemProxy */;
		};
/* End PBXTargetDependency section */

/* Begin PBXVariantGroup section */
		FB7EB7431A6664C6002E699D /* Main.storyboard */ = {
			isa = PBXVariantGroup;
			children = (
				FB7EB7441A6664C6002E699D /* Base */,
			);
			name = Main.storyboard;
			sourceTree = "<group>";
		};
		FB7EB7481A6664C6002E699D /* LaunchScreen.xib */ = {
			isa = PBXVariantGroup;
			children = (
				FB7EB7491A6664C6002E699D /* Base */,
			);
			name = LaunchScreen.xib;
			sourceTree = "<group>";
		};
/* End PBXVariantGroup section */

/* Begin XCBuildConfiguration section */
		FB7EB7571A6664C6002E699D /* Debug */ = {
			isa = XCBuildConfiguration;
			buildSettings = {
				ALWAYS_SEARCH_USER_PATHS = NO;
				CLANG_CXX_LANGUAGE_STANDARD = "gnu++0x";
				CLANG_CXX_LIBRARY = "libc++";
				CLANG_ENABLE_MODULES = YES;
				CLANG_ENABLE_OBJC_ARC = YES;
				CLANG_WARN_BOOL_CONVERSION = YES;
				CLANG_WARN_CONSTANT_CONVERSION = YES;
				CLANG_WARN_DIRECT_OBJC_ISA_USAGE = YES_ERROR;
				CLANG_WARN_EMPTY_BODY = YES;
				CLANG_WARN_ENUM_CONVERSION = YES;
				CLANG_WARN_INT_CONVERSION = YES;
				CLANG_WARN_OBJC_ROOT_CLASS = YES_ERROR;
				CLANG_WARN_UNREACHABLE_CODE = YES;
				CLANG_WARN__DUPLICATE_METHOD_MATCH = YES;
				"CODE_SIGN_IDENTITY[sdk=iphoneos*]" = "iPhone Developer";
				COPY_PHASE_STRIP = NO;
				ENABLE_STRICT_OBJC_MSGSEND = YES;
				GCC_C_LANGUAGE_STANDARD = gnu99;
				GCC_DYNAMIC_NO_PIC = NO;
				GCC_OPTIMIZATION_LEVEL = 0;
				GCC_PREPROCESSOR_DEFINITIONS = (
					"DEBUG=1",
					"$(inherited)",
				);
				GCC_SYMBOLS_PRIVATE_EXTERN = NO;
				GCC_WARN_64_TO_32_BIT_CONVERSION = YES;
				GCC_WARN_ABOUT_RETURN_TYPE = YES_ERROR;
				GCC_WARN_UNDECLARED_SELECTOR = YES;
				GCC_WARN_UNINITIALIZED_AUTOS = YES_AGGRESSIVE;
				GCC_WARN_UNUSED_FUNCTION = YES;
				GCC_WARN_UNUSED_VARIABLE = YES;
				IPHONEOS_DEPLOYMENT_TARGET = 8.1;
				MTL_ENABLE_DEBUG_INFO = YES;
				ONLY_ACTIVE_ARCH = YES;
				SDKROOT = iphoneos;
				TARGETED_DEVICE_FAMILY = "1,2";
			};
			name = Debug;
		};
		FB7EB7581A6664C6002E699D /* Release */ = {
			isa = XCBuildConfiguration;
			buildSettings = {
				ALWAYS_SEARCH_USER_PATHS = NO;
				CLANG_CXX_LANGUAGE_STANDARD = "gnu++0x";
				CLANG_CXX_LIBRARY = "libc++";
				CLANG_ENABLE_MODULES = YES;
				CLANG_ENABLE_OBJC_ARC = YES;
				CLANG_WARN_BOOL_CONVERSION = YES;
				CLANG_WARN_CONSTANT_CONVERSION = YES;
				CLANG_WARN_DIRECT_OBJC_ISA_USAGE = YES_ERROR;
				CLANG_WARN_EMPTY_BODY = YES;
				CLANG_WARN_ENUM_CONVERSION = YES;
				CLANG_WARN_INT_CONVERSION = YES;
				CLANG_WARN_OBJC_ROOT_CLASS = YES_ERROR;
				CLANG_WARN_UNREACHABLE_CODE = YES;
				CLANG_WARN__DUPLICATE_METHOD_MATCH = YES;
				"CODE_SIGN_IDENTITY[sdk=iphoneos*]" = "iPhone Developer";
				COPY_PHASE_STRIP = YES;
				ENABLE_NS_ASSERTIONS = NO;
				ENABLE_STRICT_OBJC_MSGSEND = YES;
				GCC_C_LANGUAGE_STANDARD = gnu99;
				GCC_WARN_64_TO_32_BIT_CONVERSION = YES;
				GCC_WARN_ABOUT_RETURN_TYPE = YES_ERROR;
				GCC_WARN_UNDECLARED_SELECTOR = YES;
				GCC_WARN_UNINITIALIZED_AUTOS = YES_AGGRESSIVE;
				GCC_WARN_UNUSED_FUNCTION = YES;
				GCC_WARN_UNUSED_VARIABLE = YES;
				IPHONEOS_DEPLOYMENT_TARGET = 8.1;
				MTL_ENABLE_DEBUG_INFO = NO;
				SDKROOT = iphoneos;
				TARGETED_DEVICE_FAMILY = "1,2";
				VALIDATE_PRODUCT = YES;
			};
			name = Release;
		};
		FB7EB75A1A6664C6002E699D /* Debug */ = {
			isa = XCBuildConfiguration;
			buildSettings = {
				ASSETCATALOG_COMPILER_APPICON_NAME = AppIcon;
				INFOPLIST_FILE = tovotau/Info.plist;
				LD_RUNPATH_SEARCH_PATHS = "$(inherited) @executable_path/Frameworks";
				LIBRARY_SEARCH_PATHS = (
					"$(inherited)",
					"$(PROJECT_DIR)/tovotau",
					"$(PROJECT_DIR)/tovotau/ZBarSDK",
				);
				PRODUCT_NAME = tovotau;
			};
			name = Debug;
		};
		FB7EB75B1A6664C6002E699D /* Release */ = {
			isa = XCBuildConfiguration;
			buildSettings = {
				ASSETCATALOG_COMPILER_APPICON_NAME = AppIcon;
				INFOPLIST_FILE = tovotau/Info.plist;
				LD_RUNPATH_SEARCH_PATHS = "$(inherited) @executable_path/Frameworks";
				LIBRARY_SEARCH_PATHS = (
					"$(inherited)",
					"$(PROJECT_DIR)/tovotau",
					"$(PROJECT_DIR)/tovotau/ZBarSDK",
				);
				PRODUCT_NAME = tovotau;
			};
			name = Release;
		};
		FB7EB75D1A6664C6002E699D /* Debug */ = {
			isa = XCBuildConfiguration;
			buildSettings = {
				BUNDLE_LOADER = "$(TEST_HOST)";
				FRAMEWORK_SEARCH_PATHS = (
					"$(SDKROOT)/Developer/Library/Frameworks",
					"$(inherited)",
				);
				GCC_PREPROCESSOR_DEFINITIONS = (
					"DEBUG=1",
					"$(inherited)",
				);
				INFOPLIST_FILE = tovotauTests/Info.plist;
				LD_RUNPATH_SEARCH_PATHS = "$(inherited) @executable_path/Frameworks @loader_path/Frameworks";
				PRODUCT_NAME = tovotauTests;
				TEST_HOST = "$(BUILT_PRODUCTS_DIR)/tovotau.app/tovotau";
			};
			name = Debug;
		};
		FB7EB75E1A6664C6002E699D /* Release */ = {
			isa = XCBuildConfiguration;
			buildSettings = {
				BUNDLE_LOADER = "$(TEST_HOST)";
				FRAMEWORK_SEARCH_PATHS = (
					"$(SDKROOT)/Developer/Library/Frameworks",
					"$(inherited)",
				);
				INFOPLIST_FILE = tovotauTests/Info.plist;
				LD_RUNPATH_SEARCH_PATHS = "$(inherited) @executable_path/Frameworks @loader_path/Frameworks";
				PRODUCT_NAME = tovotauTests;
				TEST_HOST = "$(BUILT_PRODUCTS_DIR)/tovotau.app/tovotau";
			};
			name = Release;
		};
/* End XCBuildConfiguration section */

/* Begin XCConfigurationList section */
		FB7EB7311A6664C6002E699D /* Build configuration list for PBXProject "tovotau" */ = {
			isa = XCConfigurationList;
			buildConfigurations = (
				FB7EB7571A6664C6002E699D /* Debug */,
				FB7EB7581A6664C6002E699D /* Release */,
			);
			defaultConfigurationIsVisible = 0;
			defaultConfigurationName = Release;
		};
		FB7EB7591A6664C6002E699D /* Build configuration list for PBXNativeTarget "tovotau" */ = {
			isa = XCConfigurationList;
			buildConfigurations = (
				FB7EB75A1A6664C6002E699D /* Debug */,
				FB7EB75B1A6664C6002E699D /* Release */,
			);
			defaultConfigurationIsVisible = 0;
			defaultConfigurationName = Release;
		};
		FB7EB75C1A6664C6002E699D /* Build configuration list for PBXNativeTarget "tovotauTests" */ = {
			isa = XCConfigurationList;
			buildConfigurations = (
				FB7EB75D1A6664C6002E699D /* Debug */,
				FB7EB75E1A6664C6002E699D /* Release */,
			);
			defaultConfigurationIsVisible = 0;
			defaultConfigurationName = Release;
		};
/* End XCConfigurationList section */
	};
	rootObject = FB7EB72E1A6664C6002E699D /* Project object */;
}
